
Microsoft Visual Studio Solution File, Format Version 12.00
# Visual Studio 2013
VisualStudioVersion = 12.0.30501.0
MinimumVisualStudioVersion = 10.0.40219.1
Project("{E24C65DC-7377-472B-9ABA-BC803B73C61A}") = "EquitableGourmet", "http://localhost:50848", "{2E52C6CD-AA66-41E1-9DC7-9975282F8655}"
	ProjectSection(WebsiteProperties) = preProject
		UseIISExpress = "true"
		TargetFrameworkMoniker = ".NETFramework,Version%3Dv4.5"
		ProjectReferences = "{9e5958f3-4675-4b3a-b153-2f71fdb4afa7}|DL.dll;"
		Debug.AspNetCompiler.VirtualPath = "/localhost_50848"
		Debug.AspNetCompiler.PhysicalPath = "..\..\Visual Studio 2013\WebSites\EquitableGourmet\"
		Debug.AspNetCompiler.TargetPath = "PrecompiledWeb\localhost_50848\"
		Debug.AspNetCompiler.Updateable = "true"
		Debug.AspNetCompiler.ForceOverwrite = "true"
		Debug.AspNetCompiler.FixedNames = "false"
		Debug.AspNetCompiler.Debug = "True"
		Release.AspNetCompiler.VirtualPath = "/localhost_50848"
		Release.AspNetCompiler.PhysicalPath = "..\..\Visual Studio 2013\WebSites\EquitableGourmet\"
		Release.AspNetCompiler.TargetPath = "PrecompiledWeb\localhost_50848\"
		Release.AspNetCompiler.Updateable = "true"
		Release.AspNetCompiler.ForceOverwrite = "true"
		Release.AspNetCompiler.FixedNames = "false"
		Release.AspNetCompiler.Debug = "False"
		SlnRelativePath = "..\..\Visual Studio 2013\WebSites\EquitableGourmet\"
		DefaultWebSiteLanguage = "Visual C#"
	EndProjectSection
EndProject
Project("{FAE04EC0-301F-11D3-BF4B-00C04F79EFBC}") = "DL", "DL\DL.csproj", "{9E5958F3-4675-4B3A-B153-2F71FDB4AFA7}"
EndProject
Global
	GlobalSection(SolutionConfigurationPlatforms) = preSolution
		Debug|Any CPU = Debug|Any CPU
		Release|Any CPU = Release|Any CPU
	EndGlobalSection
	GlobalSection(ProjectConfigurationPlatforms) = postSolution
		{2E52C6CD-AA66-41E1-9DC7-9975282F8655}.Debug|Any CPU.ActiveCfg = Debug|Any CPU
		{2E52C6CD-AA66-41E1-9DC7-9975282F8655}.Debug|Any CPU.Build.0 = Debug|Any CPU
		{2E52C6CD-AA66-41E1-9DC7-9975282F8655}.Release|Any CPU.ActiveCfg = Debug|Any CPU
		{2E52C6CD-AA66-41E1-9DC7-9975282F8655}.Release|Any CPU.Build.0 = Debug|Any CPU
		{9E5958F3-4675-4B3A-B153-2F71FDB4AFA7}.Debug|Any CPU.ActiveCfg = Debug|Any CPU
		{9E5958F3-4675-4B3A-B153-2F71FDB4AFA7}.Debug|Any CPU.Build.0 = Debug|Any CPU
		{9E5958F3-4675-4B3A-B153-2F71FDB4AFA7}.Release|Any CPU.ActiveCfg = Release|Any CPU
		{9E5958F3-4675-4B3A-B153-2F71FDB4AFA7}.Release|Any CPU.Build.0 = Release|Any CPU
	EndGlobalSection
	GlobalSection(SolutionProperties) = preSolution
		HideSolutionNode = FALSE
	EndGlobalSection
EndGlobal
